
Microsoft Visual Studio Solution File, Format Version 12.00
# Visual Studio Version 16
VisualStudioVersion = 16.0.29728.190
MinimumVisualStudioVersion = 10.0.40219.1
Project("{FAE04EC0-301F-11D3-BF4B-00C04F79EFBC}") = "Vermilion", "Vermilion\Vermilion.csproj", "{68848D28-924E-4D6E-9860-4E73336BA63A}"
EndProject
Global
	GlobalSection(SolutionConfigurationPlatforms) = preSolution
		Debug|Any CPU = Debug|Any CPU
		Release|Any CPU = Release|Any CPU
	EndGlobalSection
	GlobalSection(ProjectConfigurationPlatforms) = postSolution
		{68848D28-924E-4D6E-9860-4E73336BA63A}.Debug|Any CPU.ActiveCfg = Debug|Any CPU
		{68848D28-924E-4D6E-9860-4E73336BA63A}.Debug|Any CPU.Build.0 = Debug|Any CPU
		{68848D28-924E-4D6E-9860-4E73336BA63A}.Release|Any CPU.ActiveCfg = Release|Any CPU
		{68848D28-924E-4D6E-9860-4E73336BA63A}.Release|Any CPU.Build.0 = Release|Any CPU
	EndGlobalSection
	GlobalSection(SolutionProperties) = preSolution
		HideSolutionNode = FALSE
	EndGlobalSection
	GlobalSection(ExtensibilityGlobals) = postSolution
		SolutionGuid = {4BCBBB00-F36E-4125-8E4D-8B5DE92E0077}
	EndGlobalSection
EndGlobal
